
Microsoft Visual Studio Solution File, Format Version 12.00
# Visual Studio Version 16
VisualStudioVersion = 16.0.31624.102
MinimumVisualStudioVersion = 10.0.40219.1
Project("{FAE04EC0-301F-11D3-BF4B-00C04F79EFBC}") = "PaginacaoSQL", "PaginacaoSQL\PaginacaoSQL.csproj", "{5B88B192-28EA-40B7-BE81-C49075338111}"
EndProject
Global
	GlobalSection(SolutionConfigurationPlatforms) = preSolution
		Debug|Any CPU = Debug|Any CPU
		Release|Any CPU = Release|Any CPU
	EndGlobalSection
	GlobalSection(ProjectConfigurationPlatforms) = postSolution
		{5B88B192-28EA-40B7-BE81-C49075338111}.Debug|Any CPU.ActiveCfg = Debug|Any CPU
		{5B88B192-28EA-40B7-BE81-C49075338111}.Debug|Any CPU.Build.0 = Debug|Any CPU
		{5B88B192-28EA-40B7-BE81-C49075338111}.Release|Any CPU.ActiveCfg = Release|Any CPU
		{5B88B192-28EA-40B7-BE81-C49075338111}.Release|Any CPU.Build.0 = Release|Any CPU
	EndGlobalSection
	GlobalSection(SolutionProperties) = preSolution
		HideSolutionNode = FALSE
	EndGlobalSection
	GlobalSection(ExtensibilityGlobals) = postSolution
		SolutionGuid = {A1C0E94A-6B17-440B-8AC1-7F77171FECF2}
	EndGlobalSection
EndGlobal
